// !$*UTF8*$!
{
	archiveVersion = 1;
	classes = {
	};
	objectVersion = 50;
	objects = {

/* Begin PBXBuildFile section */
		8FED717E210B1EA70075F5F6 /* AppDelegate.m in Sources */ = {isa = PBXBuildFile; fileRef = 8FED717D210B1EA70075F5F6 /* AppDelegate.m */; };
		8FED7181210B1EA70075F5F6 /* ViewController.m in Sources */ = {isa = PBXBuildFile; fileRef = 8FED7180210B1EA70075F5F6 /* ViewController.m */; };
		8FED7184210B1EA70075F5F6 /* Main.storyboard in Resources */ = {isa = PBXBuildFile; fileRef = 8FED7182210B1EA70075F5F6 /* Main.storyboard */; };
		8FED7186210B1EA80075F5F6 /* Assets.xcassets in Resources */ = {isa = PBXBuildFile; fileRef = 8FED7185210B1EA80075F5F6 /* Assets.xcassets */; };
		8FED7189210B1EA80075F5F6 /* LaunchScreen.storyboard in Resources */ = {isa = PBXBuildFile; fileRef = 8FED7187210B1EA80075F5F6 /* LaunchScreen.storyboard */; };
		8FED718C210B1EA80075F5F6 /* main.m in Sources */ = {isa = PBXBuildFile; fileRef = 8FED718B210B1EA80075F5F6 /* main.m */; };
		8FED7195210B1FC50075F5F6 /* BLECentralComponent.m in Sources */ = {isa = PBXBuildFile; fileRef = 8FED7193210B1FC50075F5F6 /* BLECentralComponent.m */; };
/* End PBXBuildFile section */

/* Begin PBXFileReference section */
		8FED7179210B1EA70075F5F6 /* Central.app */ = {isa = PBXFileReference; explicitFileType = wrapper.application; includeInIndex = 0; path = Central.app; sourceTree = BUILT_PRODUCTS_DIR; };
		8FED717C210B1EA70075F5F6 /* AppDelegate.h */ = {isa = PBXFileReference; lastKnownFileType = sourcecode.c.h; path = AppDelegate.h; sourceTree = "<group>"; };
		8FED717D210B1EA70075F5F6 /* AppDelegate.m */ = {isa = PBXFileReference; lastKnownFileType = sourcecode.c.objc; path = AppDelegate.m; sourceTree = "<group>"; };
		8FED717F210B1EA70075F5F6 /* ViewController.h */ = {isa = PBXFileReference; lastKnownFileType = sourcecode.c.h; path = ViewController.h; sourceTree = "<group>"; };
		8FED7180210B1EA70075F5F6 /* ViewController.m */ = {isa = PBXFileReference; lastKnownFileType = sourcecode.c.objc; path = ViewController.m; sourceTree = "<group>"; };
		8FED7183210B1EA70075F5F6 /* Base */ = {isa = PBXFileReference; lastKnownFileType = file.storyboard; name = Base; path = Base.lproj/Main.storyboard; sourceTree = "<group>"; };
		8FED7185210B1EA80075F5F6 /* Assets.xcassets */ = {isa = PBXFileReference; lastKnownFileType = folder.assetcatalog; path = Assets.xcassets; sourceTree = "<group>"; };
		8FED7188210B1EA80075F5F6 /* Base */ = {isa = PBXFileReference; lastKnownFileType = file.storyboard; name = Base; path = Base.lproj/LaunchScreen.storyboard; sourceTree = "<group>"; };
		8FED718A210B1EA80075F5F6 /* Info.plist */ = {isa = PBXFileReference; lastKnownFileType = text.plist.xml; path = Info.plist; sourceTree = "<group>"; };
		8FED718B210B1EA80075F5F6 /* main.m */ = {isa = PBXFileReference; lastKnownFileType = sourcecode.c.objc; path = main.m; sourceTree = "<group>"; };
		8FED7193210B1FC50075F5F6 /* BLECentralComponent.m */ = {isa = PBXFileReference; fileEncoding = 4; lastKnownFileType = sourcecode.c.objc; path = BLECentralComponent.m; sourceTree = "<group>"; };
		8FED7194210B1FC50075F5F6 /* BLECentralComponent.h */ = {isa = PBXFileReference; fileEncoding = 4; lastKnownFileType = sourcecode.c.h; path = BLECentralComponent.h; sourceTree = "<group>"; };
/* End PBXFileReference section */

/* Begin PBXFrameworksBuildPhase section */
		8FED7176210B1EA70075F5F6 /* Frameworks */ = {
			isa = PBXFrameworksBuildPhase;
			buildActionMask = 2147483647;
			files = (
			);
			runOnlyForDeploymentPostprocessing = 0;
		};
/* End PBXFrameworksBuildPhase section */

/* Begin PBXGroup section */
		8FED7170210B1EA70075F5F6 = {
			isa = PBXGroup;
			children = (
				8FED717B210B1EA70075F5F6 /* Central */,
				8FED717A210B1EA70075F5F6 /* Products */,
			);
			sourceTree = "<group>";
		};
		8FED717A210B1EA70075F5F6 /* Products */ = {
			isa = PBXGroup;
			children = (
				8FED7179210B1EA70075F5F6 /* Central.app */,
			);
			name = Products;
			sourceTree = "<group>";
		};
		8FED717B210B1EA70075F5F6 /* Central */ = {
			isa = PBXGroup;
			children = (
				8FED7192210B1FC50075F5F6 /* BLECentralComponent */,
				8FED717C210B1EA70075F5F6 /* AppDelegate.h */,
				8FED717D210B1EA70075F5F6 /* AppDelegate.m */,
				8FED717F210B1EA70075F5F6 /* ViewController.h */,
				8FED7180210B1EA70075F5F6 /* ViewController.m */,
				8FED7182210B1EA70075F5F6 /* Main.storyboard */,
				8FED7185210B1EA80075F5F6 /* Assets.xcassets */,
				8FED7187210B1EA80075F5F6 /* LaunchScreen.storyboard */,
				8FED718A210B1EA80075F5F6 /* Info.plist */,
				8FED718B210B1EA80075F5F6 /* main.m */,
			);
			path = Central;
			sourceTree = "<group>";
		};
		8FED7192210B1FC50075F5F6 /* BLECentralComponent */ = {
			isa = PBXGroup;
			children = (
				8FED7193210B1FC50075F5F6 /* BLECentralComponent.m */,
				8FED7194210B1FC50075F5F6 /* BLECentralComponent.h */,
			);
			path = BLECentralComponent;
			sourceTree = "<group>";
		};
/* End PBXGroup section */

/* Begin PBXNativeTarget section */
		8FED7178210B1EA70075F5F6 /* Central */ = {
			isa = PBXNativeTarget;
			buildConfigurationList = 8FED718F210B1EA80075F5F6 /* Build configuration list for PBXNativeTarget "Central" */;
			buildPhases = (
				8FED7175210B1EA70075F5F6 /* Sources */,
				8FED7176210B1EA70075F5F6 /* Frameworks */,
				8FED7177210B1EA70075F5F6 /* Resources */,
			);
			buildRules = (
			);
			dependencies = (
			);
			name = Central;
			productName = Central;
			productReference = 8FED7179210B1EA70075F5F6 /* Central.app */;
			productType = "com.apple.product-type.application";
		};
/* End PBXNativeTarget section */

/* Begin PBXProject section */
		8FED7171210B1EA70075F5F6 /* Project object */ = {
			isa = PBXProject;
			attributes = {
				LastUpgradeCheck = 0940;
				ORGANIZATIONNAME = Phineas;
				TargetAttributes = {
					8FED7178210B1EA70075F5F6 = {
						CreatedOnToolsVersion = 9.4;
						SystemCapabilities = {
							com.apple.BackgroundModes = {
								enabled = 1;
							};
						};
					};
				};
			};
			buildConfigurationList = 8FED7174210B1EA70075F5F6 /* Build configuration list for PBXProject "Central" */;
			compatibilityVersion = "Xcode 9.3";
			developmentRegion = en;
			hasScannedForEncodings = 0;
			knownRegions = (
				en,
				Base,
			);
			mainGroup = 8FED7170210B1EA70075F5F6;
			productRefGroup = 8FED717A210B1EA70075F5F6 /* Products */;
			projectDirPath = "";
			projectRoot = "";
			targets = (
				8FED7178210B1EA70075F5F6 /* Central */,
			);
		};
/* End PBXProject section */

/* Begin PBXResourcesBuildPhase section */
		8FED7177210B1EA70075F5F6 /* Resources */ = {
			isa = PBXResourcesBuildPhase;
			buildActionMask = 2147483647;
			files = (
				8FED7189210B1EA80075F5F6 /* LaunchScreen.storyboard in Resources */,
				8FED7186210B1EA80075F5F6 /* Assets.xcassets in Resources */,
				8FED7184210B1EA70075F5F6 /* Main.storyboard in Resources */,
			);
			runOnlyForDeploymentPostprocessing = 0;
		};
/* End PBXResourcesBuildPhase section */

/* Begin PBXSourcesBuildPhase section */
		8FED7175210B1EA70075F5F6 /* Sources */ = {
			isa = PBXSourcesBuildPhase;
			buildActionMask = 2147483647;
			files = (
				8FED7181210B1EA70075F5F6 /* ViewController.m in Sources */,
				8FED718C210B1EA80075F5F6 /* main.m in Sources */,
				8FED717E210B1EA70075F5F6 /* AppDelegate.m in Sources */,
				8FED7195210B1FC50075F5F6 /* BLECentralComponent.m in Sources */,
			);
			runOnlyForDeploymentPostprocessing = 0;
		};
/* End PBXSourcesBuildPhase section */

/* Begin PBXVariantGroup section */
		8FED7182210B1EA70075F5F6 /* Main.storyboard */ = {
			isa = PBXVariantGroup;
			children = (
				8FED7183210B1EA70075F5F6 /* Base */,
			);
			name = Main.storyboard;
			sourceTree = "<group>";
		};
		8FED7187210B1EA80075F5F6 /* LaunchScreen.storyboard */ = {
			isa = PBXVariantGroup;
			children = (
				8FED7188210B1EA80075F5F6 /* Base */,
			);
			name = LaunchScreen.storyboard;
			sourceTree = "<group>";
		};
/* End PBXVariantGroup section */

/* Begin XCBuildConfiguration section */
		8FED718D210B1EA80075F5F6 /* Debug */ = {
			isa = XCBuildConfiguration;
			buildSettings = {
				ALWAYS_SEARCH_USER_PATHS = NO;
				CLANG_ANALYZER_NONNULL = YES;
				CLANG_ANALYZER_NUMBER_OBJECT_CONVERSION = YES_AGGRESSIVE;
				CLANG_CXX_LANGUAGE_STANDARD = "gnu++14";
				CLANG_CXX_LIBRARY = "libc++";
				CLANG_ENABLE_MODULES = YES;
				CLANG_ENABLE_OBJC_ARC = YES;
				CLANG_ENABLE_OBJC_WEAK = YES;
				CLANG_WARN_BLOCK_CAPTURE_AUTORELEASING = YES;
				CLANG_WARN_BOOL_CONVERSION = YES;
				CLANG_WARN_COMMA = YES;
				CLANG_WARN_CONSTANT_CONVERSION = YES;
				CLANG_WARN_DEPRECATED_OBJC_IMPLEMENTATIONS = YES;
				CLANG_WARN_DIRECT_OBJC_ISA_USAGE = YES_ERROR;
				CLANG_WARN_DOCUMENTATION_COMMENTS = YES;
				CLANG_WARN_EMPTY_BODY = YES;
				CLANG_WARN_ENUM_CONVERSION = YES;
				CLANG_WARN_INFINITE_RECURSION = YES;
				CLANG_WARN_INT_CONVERSION = YES;
				CLANG_WARN_NON_LITERAL_NULL_CONVERSION = YES;
				CLANG_WARN_OBJC_IMPLICIT_RETAIN_SELF = YES;
				CLANG_WARN_OBJC_LITERAL_CONVERSION = YES;
				CLANG_WARN_OBJC_ROOT_CLASS = YES_ERROR;
				CLANG_WARN_RANGE_LOOP_ANALYSIS = YES;
				CLANG_WARN_STRICT_PROTOTYPES = YES;
				CLANG_WARN_SUSPICIOUS_MOVE = YES;
				CLANG_WARN_UNGUARDED_AVAILABILITY = YES_AGGRESSIVE;
				CLANG_WARN_UNREACHABLE_CODE = YES;
				CLANG_WARN__DUPLICATE_METHOD_MATCH = YES;
				CODE_SIGN_IDENTITY = "iPhone Developer";
				COPY_PHASE_STRIP = NO;
				DEBUG_INFORMATION_FORMAT = dwarf;
				ENABLE_STRICT_OBJC_MSGSEND = YES;
				ENABLE_TESTABILITY = YES;
				GCC_C_LANGUAGE_STANDARD = gnu11;
				GCC_DYNAMIC_NO_PIC = NO;
				GCC_NO_COMMON_BLOCKS = YES;
				GCC_OPTIMIZATION_LEVEL = 0;
				GCC_PREPROCESSOR_DEFINITIONS = (
					"DEBUG=1",
					"$(inherited)",
				);
				GCC_WARN_64_TO_32_BIT_CONVERSION = YES;
				GCC_WARN_ABOUT_RETURN_TYPE = YES_ERROR;
				GCC_WARN_UNDECLARED_SELECTOR = YES;
				GCC_WARN_UNINITIALIZED_AUTOS = YES_AGGRESSIVE;
				GCC_WARN_UNUSED_FUNCTION = YES;
				GCC_WARN_UNUSED_VARIABLE = YES;
				IPHONEOS_DEPLOYMENT_TARGET = 11.4;
				MTL_ENABLE_DEBUG_INFO = YES;
				ONLY_ACTIVE_ARCH = YES;
				SDKROOT = iphoneos;
			};
			name = Debug;
		};
		8FED718E210B1EA80075F5F6 /* Release */ = {
			isa = XCBuildConfiguration;
			buildSettings = {
				ALWAYS_SEARCH_USER_PATHS = NO;
				CLANG_ANALYZER_NONNULL = YES;
				CLANG_ANALYZER_NUMBER_OBJECT_CONVERSION = YES_AGGRESSIVE;
				CLANG_CXX_LANGUAGE_STANDARD = "gnu++14";
				CLANG_CXX_LIBRARY = "libc++";
				CLANG_ENABLE_MODULES = YES;
				CLANG_ENABLE_OBJC_ARC = YES;
				CLANG_ENABLE_OBJC_WEAK = YES;
				CLANG_WARN_BLOCK_CAPTURE_AUTORELEASING = YES;
				CLANG_WARN_BOOL_CONVERSION = YES;
				CLANG_WARN_COMMA = YES;
				CLANG_WARN_CONSTANT_CONVERSION = YES;
				CLANG_WARN_DEPRECATED_OBJC_IMPLEMENTATIONS = YES;
				CLANG_WARN_DIRECT_OBJC_ISA_USAGE = YES_ERROR;
				CLANG_WARN_DOCUMENTATION_COMMENTS = YES;
				CLANG_WARN_EMPTY_BODY = YES;
				CLANG_WARN_ENUM_CONVERSION = YES;
				CLANG_WARN_INFINITE_RECURSION = YES;
				CLANG_WARN_INT_CONVERSION = YES;
				CLANG_WARN_NON_LITERAL_NULL_CONVERSION = YES;
				CLANG_WARN_OBJC_IMPLICIT_RETAIN_SELF = YES;
				CLANG_WARN_OBJC_LITERAL_CONVERSION = YES;
				CLANG_WARN_OBJC_ROOT_CLASS = YES_ERROR;
				CLANG_WARN_RANGE_LOOP_ANALYSIS = YES;
				CLANG_WARN_STRICT_PROTOTYPES = YES;
				CLANG_WARN_SUSPICIOUS_MOVE = YES;
				CLANG_WARN_UNGUARDED_AVAILABILITY = YES_AGGRESSIVE;
				CLANG_WARN_UNREACHABLE_CODE = YES;
				CLANG_WARN__DUPLICATE_METHOD_MATCH = YES;
				CODE_SIGN_IDENTITY = "iPhone Developer";
				COPY_PHASE_STRIP = NO;
				DEBUG_INFORMATION_FORMAT = "dwarf-with-dsym";
				ENABLE_NS_ASSERTIONS = NO;
				ENABLE_STRICT_OBJC_MSGSEND = YES;
				GCC_C_LANGUAGE_STANDARD = gnu11;
				GCC_NO_COMMON_BLOCKS = YES;
				GCC_WARN_64_TO_32_BIT_CONVERSION = YES;
				GCC_WARN_ABOUT_RETURN_TYPE = YES_ERROR;
				GCC_WARN_UNDECLARED_SELECTOR = YES;
				GCC_WARN_UNINITIALIZED_AUTOS = YES_AGGRESSIVE;
				GCC_WARN_UNUSED_FUNCTION = YES;
				GCC_WARN_UNUSED_VARIABLE = YES;
				IPHONEOS_DEPLOYMENT_TARGET = 11.4;
				MTL_ENABLE_DEBUG_INFO = NO;
				SDKROOT = iphoneos;
				VALIDATE_PRODUCT = YES;
			};
			name = Release;
		};
		8FED7190210B1EA80075F5F6 /* Debug */ = {
			isa = XCBuildConfiguration;
			buildSettings = {
				ASSETCATALOG_COMPILER_APPICON_NAME = AppIcon;
				CODE_SIGN_STYLE = Automatic;
				DEVELOPMENT_TEAM = YXTP59538K;
				INFOPLIST_FILE = Central/Info.plist;
				LD_RUNPATH_SEARCH_PATHS = (
					"$(inherited)",
					"@executable_path/Frameworks",
				);
				PRODUCT_BUNDLE_IDENTIFIER = com.sunxiaoshan.Central;
				PRODUCT_NAME = "$(TARGET_NAME)";
				TARGETED_DEVICE_FAMILY = "1,2";
			};
			name = Debug;
		};
		8FED7191210B1EA80075F5F6 /* Release */ = {
			isa = XCBuildConfiguration;
			buildSettings = {
				ASSETCATALOG_COMPILER_APPICON_NAME = AppIcon;
				CODE_SIGN_STYLE = Automatic;
				DEVELOPMENT_TEAM = YXTP59538K;
				INFOPLIST_FILE = Central/Info.plist;
				LD_RUNPATH_SEARCH_PATHS = (
					"$(inherited)",
					"@executable_path/Frameworks",
				);
				PRODUCT_BUNDLE_IDENTIFIER = com.sunxiaoshan.Central;
				PRODUCT_NAME = "$(TARGET_NAME)";
				TARGETED_DEVICE_FAMILY = "1,2";
			};
			name = Release;
		};
/* End XCBuildConfiguration section */

/* Begin XCConfigurationList section */
		8FED7174210B1EA70075F5F6 /* Build configuration list for PBXProject "Central" */ = {
			isa = XCConfigurationList;
			buildConfigurations = (
				8FED718D210B1EA80075F5F6 /* Debug */,
				8FED718E210B1EA80075F5F6 /* Release */,
			);
			defaultConfigurationIsVisible = 0;
			defaultConfigurationName = Release;
		};
		8FED718F210B1EA80075F5F6 /* Build configuration list for PBXNativeTarget "Central" */ = {
			isa = XCConfigurationList;
			buildConfigurations = (
				8FED7190210B1EA80075F5F6 /* Debug */,
				8FED7191210B1EA80075F5F6 /* Release */,
			);
			defaultConfigurationIsVisible = 0;
			defaultConfigurationName = Release;
		};
/* End XCConfigurationList section */
	};
	rootObject = 8FED7171210B1EA70075F5F6 /* Project object */;
}
